
Microsoft Visual Studio Solution File, Format Version 12.00
Project("{FAE04EC0-301F-11D3-BF4B-00C04F79EFBC}") = "ClipboardProcessorFW", "ClipboardProcessorFW\ClipboardProcessorFW.csproj", "{40C1A593-3DBC-4745-9825-FE58B33582DB}"
EndProject
Project("{FAE04EC0-301F-11D3-BF4B-00C04F79EFBC}") = "GlobalLowLevelHooks", "GlobalLowLevelHooks\GlobalLowLevelHooks.csproj", "{63034FA3-A82F-4796-9CEC-914FAB271ECA}"
EndProject
Project("{FAE04EC0-301F-11D3-BF4B-00C04F79EFBC}") = "GlobalKeyboardHookLib", "GlobalKeyboardHookLib\GlobalKeyboardHookLib.csproj", "{702BE765-2B61-4DCF-8069-8E6F199BC815}"
EndProject
Global
	GlobalSection(SolutionConfigurationPlatforms) = preSolution
		Debug|Any CPU = Debug|Any CPU
		Release|Any CPU = Release|Any CPU
	EndGlobalSection
	GlobalSection(ProjectConfigurationPlatforms) = postSolution
		{40C1A593-3DBC-4745-9825-FE58B33582DB}.Debug|Any CPU.ActiveCfg = Debug|Any CPU
		{40C1A593-3DBC-4745-9825-FE58B33582DB}.Debug|Any CPU.Build.0 = Debug|Any CPU
		{40C1A593-3DBC-4745-9825-FE58B33582DB}.Release|Any CPU.ActiveCfg = Release|Any CPU
		{40C1A593-3DBC-4745-9825-FE58B33582DB}.Release|Any CPU.Build.0 = Release|Any CPU
		{63034FA3-A82F-4796-9CEC-914FAB271ECA}.Debug|Any CPU.ActiveCfg = Debug|Any CPU
		{63034FA3-A82F-4796-9CEC-914FAB271ECA}.Debug|Any CPU.Build.0 = Debug|Any CPU
		{63034FA3-A82F-4796-9CEC-914FAB271ECA}.Release|Any CPU.ActiveCfg = Release|Any CPU
		{63034FA3-A82F-4796-9CEC-914FAB271ECA}.Release|Any CPU.Build.0 = Release|Any CPU
		{702BE765-2B61-4DCF-8069-8E6F199BC815}.Debug|Any CPU.ActiveCfg = Debug|Any CPU
		{702BE765-2B61-4DCF-8069-8E6F199BC815}.Debug|Any CPU.Build.0 = Debug|Any CPU
		{702BE765-2B61-4DCF-8069-8E6F199BC815}.Release|Any CPU.ActiveCfg = Release|Any CPU
		{702BE765-2B61-4DCF-8069-8E6F199BC815}.Release|Any CPU.Build.0 = Release|Any CPU
	EndGlobalSection
EndGlobal
